// !$*UTF8*$!
{
	archiveVersion = 1;
	classes = {
	};
	objectVersion = 46;
	objects = {

/* Begin PBXBuildFile section */
		C21199221AE1E44D009ED4DE /* NodeInputOutputTextField.swift in Sources */ = {isa = PBXBuildFile; fileRef = C21199211AE1E44D009ED4DE /* NodeInputOutputTextField.swift */; };
		C21199261AE1EF70009ED4DE /* NodeTitleTextField.swift in Sources */ = {isa = PBXBuildFile; fileRef = C21199251AE1EF70009ED4DE /* NodeTitleTextField.swift */; };
		C211992A1AE20791009ED4DE /* Edge.swift in Sources */ = {isa = PBXBuildFile; fileRef = C21199291AE20791009ED4DE /* Edge.swift */; };
		C21E61821AD8BEFE000FC413 /* AppDelegate.swift in Sources */ = {isa = PBXBuildFile; fileRef = C21E61811AD8BEFE000FC413 /* AppDelegate.swift */; };
		C21E61841AD8BEFE000FC413 /* Document.swift in Sources */ = {isa = PBXBuildFile; fileRef = C21E61831AD8BEFE000FC413 /* Document.swift */; };
		C21E61871AD8BEFE000FC413 /* Document.xib in Resources */ = {isa = PBXBuildFile; fileRef = C21E61851AD8BEFE000FC413 /* Document.xib */; };
		C21E618A1AD8BEFE000FC413 /* Document.xcdatamodeld in Sources */ = {isa = PBXBuildFile; fileRef = C21E61881AD8BEFE000FC413 /* Document.xcdatamodeld */; };
		C21E618C1AD8BEFE000FC413 /* Images.xcassets in Resources */ = {isa = PBXBuildFile; fileRef = C21E618B1AD8BEFE000FC413 /* Images.xcassets */; };
		C21E618F1AD8BEFE000FC413 /* MainMenu.xib in Resources */ = {isa = PBXBuildFile; fileRef = C21E618D1AD8BEFE000FC413 /* MainMenu.xib */; };
		C21E619B1AD8BEFE000FC413 /* CreatorTests.swift in Sources */ = {isa = PBXBuildFile; fileRef = C21E619A1AD8BEFE000FC413 /* CreatorTests.swift */; };
		C28E86461ADE1693003CEA94 /* NullNode.swift in Sources */ = {isa = PBXBuildFile; fileRef = C28E86451ADE1693003CEA94 /* NullNode.swift */; };
		C2A20BEA1ADCC59200DE369D /* ConnectionsView.swift in Sources */ = {isa = PBXBuildFile; fileRef = C2A20BE91ADCC59200DE369D /* ConnectionsView.swift */; };
		C2BBF79E1AE2C29300A418B9 /* VertexShaderNode.swift in Sources */ = {isa = PBXBuildFile; fileRef = C2BBF79D1AE2C29300A418B9 /* VertexShaderNode.swift */; };
		C2BBF7A01AE2C2B800A418B9 /* Node.swift in Sources */ = {isa = PBXBuildFile; fileRef = C2BBF79F1AE2C2B800A418B9 /* Node.swift */; };
		C2BBF7A71AE2C72200A418B9 /* InputPort.swift in Sources */ = {isa = PBXBuildFile; fileRef = C2BBF7A61AE2C72200A418B9 /* InputPort.swift */; };
		C2BBF7A91AE2C72200A418B9 /* OutputPort.swift in Sources */ = {isa = PBXBuildFile; fileRef = C2BBF7A81AE2C72200A418B9 /* OutputPort.swift */; };
		C2BBF7AB1AE2D14F00A418B9 /* Port.swift in Sources */ = {isa = PBXBuildFile; fileRef = C2BBF7AA1AE2D14F00A418B9 /* Port.swift */; };
		C2BBF7AD1AE30FCE00A418B9 /* ResultView.swift in Sources */ = {isa = PBXBuildFile; fileRef = C2BBF7AC1AE30FCE00A418B9 /* ResultView.swift */; };
		C2C5A12D1AD9A52A001DFC56 /* ConstantBufferNode.swift in Sources */ = {isa = PBXBuildFile; fileRef = C2C5A12C1AD9A52A001DFC56 /* ConstantBufferNode.swift */; };
		C2C5A12F1AD9A52A001DFC56 /* Frame.swift in Sources */ = {isa = PBXBuildFile; fileRef = C2C5A12E1AD9A52A001DFC56 /* Frame.swift */; };
		C2C5A1311AD9A52A001DFC56 /* ConstantFloatNode.swift in Sources */ = {isa = PBXBuildFile; fileRef = C2C5A1301AD9A52A001DFC56 /* ConstantFloatNode.swift */; };
		C2C5A1331AD9A52A001DFC56 /* FragmentShaderNode.swift in Sources */ = {isa = PBXBuildFile; fileRef = C2C5A1321AD9A52A001DFC56 /* FragmentShaderNode.swift */; };
		C2C5A1351AD9C6FA001DFC56 /* GraphViewController.swift in Sources */ = {isa = PBXBuildFile; fileRef = C2C5A1341AD9C6FA001DFC56 /* GraphViewController.swift */; };
		C2C5A13B1ADA012A001DFC56 /* NodeViewController.xib in Resources */ = {isa = PBXBuildFile; fileRef = C2C5A13A1ADA012A001DFC56 /* NodeViewController.xib */; };
		C2C5A13D1ADA0DCC001DFC56 /* NodeViewController.swift in Sources */ = {isa = PBXBuildFile; fileRef = C2C5A13C1ADA0DCC001DFC56 /* NodeViewController.swift */; };
/* End PBXBuildFile section */

/* Begin PBXContainerItemProxy section */
		C21E61951AD8BEFE000FC413 /* PBXContainerItemProxy */ = {
			isa = PBXContainerItemProxy;
			containerPortal = C21E61741AD8BEFE000FC413 /* Project object */;
			proxyType = 1;
			remoteGlobalIDString = C21E617B1AD8BEFE000FC413;
			remoteInfo = Creator;
		};
/* End PBXContainerItemProxy section */

/* Begin PBXFileReference section */
		C21199211AE1E44D009ED4DE /* NodeInputOutputTextField.swift */ = {isa = PBXFileReference; fileEncoding = 4; lastKnownFileType = sourcecode.swift; path = NodeInputOutputTextField.swift; sourceTree = "<group>"; };
		C21199251AE1EF70009ED4DE /* NodeTitleTextField.swift */ = {isa = PBXFileReference; fileEncoding = 4; lastKnownFileType = sourcecode.swift; path = NodeTitleTextField.swift; sourceTree = "<group>"; };
		C21199291AE20791009ED4DE /* Edge.swift */ = {isa = PBXFileReference; fileEncoding = 4; lastKnownFileType = sourcecode.swift; path = Edge.swift; sourceTree = "<group>"; };
		C21E617C1AD8BEFE000FC413 /* Creator.app */ = {isa = PBXFileReference; explicitFileType = wrapper.application; includeInIndex = 0; path = Creator.app; sourceTree = BUILT_PRODUCTS_DIR; };
		C21E61801AD8BEFE000FC413 /* Info.plist */ = {isa = PBXFileReference; lastKnownFileType = text.plist.xml; path = Info.plist; sourceTree = "<group>"; };
		C21E61811AD8BEFE000FC413 /* AppDelegate.swift */ = {isa = PBXFileReference; lastKnownFileType = sourcecode.swift; path = AppDelegate.swift; sourceTree = "<group>"; };
		C21E61831AD8BEFE000FC413 /* Document.swift */ = {isa = PBXFileReference; lastKnownFileType = sourcecode.swift; path = Document.swift; sourceTree = "<group>"; };
		C21E61861AD8BEFE000FC413 /* Base */ = {isa = PBXFileReference; lastKnownFileType = file.xib; name = Base; path = Base.lproj/Document.xib; sourceTree = "<group>"; };
		C21E61891AD8BEFE000FC413 /* Document.xcdatamodel */ = {isa = PBXFileReference; lastKnownFileType = wrapper.xcdatamodel; path = Document.xcdatamodel; sourceTree = "<group>"; };
		C21E618B1AD8BEFE000FC413 /* Images.xcassets */ = {isa = PBXFileReference; lastKnownFileType = folder.assetcatalog; path = Images.xcassets; sourceTree = "<group>"; };
		C21E618E1AD8BEFE000FC413 /* Base */ = {isa = PBXFileReference; lastKnownFileType = file.xib; name = Base; path = Base.lproj/MainMenu.xib; sourceTree = "<group>"; };
		C21E61941AD8BEFE000FC413 /* CreatorTests.xctest */ = {isa = PBXFileReference; explicitFileType = wrapper.cfbundle; includeInIndex = 0; path = CreatorTests.xctest; sourceTree = BUILT_PRODUCTS_DIR; };
		C21E61991AD8BEFE000FC413 /* Info.plist */ = {isa = PBXFileReference; lastKnownFileType = text.plist.xml; path = Info.plist; sourceTree = "<group>"; };
		C21E619A1AD8BEFE000FC413 /* CreatorTests.swift */ = {isa = PBXFileReference; lastKnownFileType = sourcecode.swift; path = CreatorTests.swift; sourceTree = "<group>"; };
		C28E86451ADE1693003CEA94 /* NullNode.swift */ = {isa = PBXFileReference; fileEncoding = 4; lastKnownFileType = sourcecode.swift; path = NullNode.swift; sourceTree = "<group>"; };
		C2A20BE91ADCC59200DE369D /* ConnectionsView.swift */ = {isa = PBXFileReference; fileEncoding = 4; lastKnownFileType = sourcecode.swift; path = ConnectionsView.swift; sourceTree = "<group>"; };
		C2BBF79D1AE2C29300A418B9 /* VertexShaderNode.swift */ = {isa = PBXFileReference; fileEncoding = 4; lastKnownFileType = sourcecode.swift; path = VertexShaderNode.swift; sourceTree = "<group>"; };
		C2BBF79F1AE2C2B800A418B9 /* Node.swift */ = {isa = PBXFileReference; fileEncoding = 4; lastKnownFileType = sourcecode.swift; path = Node.swift; sourceTree = "<group>"; };
		C2BBF7A61AE2C72200A418B9 /* InputPort.swift */ = {isa = PBXFileReference; fileEncoding = 4; lastKnownFileType = sourcecode.swift; path = InputPort.swift; sourceTree = "<group>"; };
		C2BBF7A81AE2C72200A418B9 /* OutputPort.swift */ = {isa = PBXFileReference; fileEncoding = 4; lastKnownFileType = sourcecode.swift; path = OutputPort.swift; sourceTree = "<group>"; };
		C2BBF7AA1AE2D14F00A418B9 /* Port.swift */ = {isa = PBXFileReference; fileEncoding = 4; lastKnownFileType = sourcecode.swift; path = Port.swift; sourceTree = "<group>"; };
		C2BBF7AC1AE30FCE00A418B9 /* ResultView.swift */ = {isa = PBXFileReference; fileEncoding = 4; lastKnownFileType = sourcecode.swift; path = ResultView.swift; sourceTree = "<group>"; };
		C2C5A12C1AD9A52A001DFC56 /* ConstantBufferNode.swift */ = {isa = PBXFileReference; fileEncoding = 4; lastKnownFileType = sourcecode.swift; path = ConstantBufferNode.swift; sourceTree = "<group>"; };
		C2C5A12E1AD9A52A001DFC56 /* Frame.swift */ = {isa = PBXFileReference; fileEncoding = 4; lastKnownFileType = sourcecode.swift; path = Frame.swift; sourceTree = "<group>"; };
		C2C5A1301AD9A52A001DFC56 /* ConstantFloatNode.swift */ = {isa = PBXFileReference; fileEncoding = 4; lastKnownFileType = sourcecode.swift; path = ConstantFloatNode.swift; sourceTree = "<group>"; };
		C2C5A1321AD9A52A001DFC56 /* FragmentShaderNode.swift */ = {isa = PBXFileReference; fileEncoding = 4; lastKnownFileType = sourcecode.swift; path = FragmentShaderNode.swift; sourceTree = "<group>"; };
		C2C5A1341AD9C6FA001DFC56 /* GraphViewController.swift */ = {isa = PBXFileReference; fileEncoding = 4; lastKnownFileType = sourcecode.swift; path = GraphViewController.swift; sourceTree = "<group>"; };
		C2C5A13A1ADA012A001DFC56 /* NodeViewController.xib */ = {isa = PBXFileReference; fileEncoding = 4; lastKnownFileType = file.xib; path = NodeViewController.xib; sourceTree = "<group>"; };
		C2C5A13C1ADA0DCC001DFC56 /* NodeViewController.swift */ = {isa = PBXFileReference; fileEncoding = 4; lastKnownFileType = sourcecode.swift; path = NodeViewController.swift; sourceTree = "<group>"; };
/* End PBXFileReference section */

/* Begin PBXFrameworksBuildPhase section */
		C21E61791AD8BEFE000FC413 /* Frameworks */ = {
			isa = PBXFrameworksBuildPhase;
			buildActionMask = 2147483647;
			files = (
			);
			runOnlyForDeploymentPostprocessing = 0;
		};
		C21E61911AD8BEFE000FC413 /* Frameworks */ = {
			isa = PBXFrameworksBuildPhase;
			buildActionMask = 2147483647;
			files = (
			);
			runOnlyForDeploymentPostprocessing = 0;
		};
/* End PBXFrameworksBuildPhase section */

/* Begin PBXGroup section */
		C21E61731AD8BEFE000FC413 = {
			isa = PBXGroup;
			children = (
				C21E617E1AD8BEFE000FC413 /* Creator */,
				C21E61971AD8BEFE000FC413 /* CreatorTests */,
				C21E617D1AD8BEFE000FC413 /* Products */,
			);
			sourceTree = "<group>";
		};
		C21E617D1AD8BEFE000FC413 /* Products */ = {
			isa = PBXGroup;
			children = (
				C21E617C1AD8BEFE000FC413 /* Creator.app */,
				C21E61941AD8BEFE000FC413 /* CreatorTests.xctest */,
			);
			name = Products;
			sourceTree = "<group>";
		};
		C21E617E1AD8BEFE000FC413 /* Creator */ = {
			isa = PBXGroup;
			children = (
				C2BBF7A21AE2C32000A418B9 /* Model */,
				C2BBF7A31AE2C34D00A418B9 /* Views */,
				C21E61811AD8BEFE000FC413 /* AppDelegate.swift */,
				C21E61831AD8BEFE000FC413 /* Document.swift */,
				C2C5A13C1ADA0DCC001DFC56 /* NodeViewController.swift */,
				C2C5A1341AD9C6FA001DFC56 /* GraphViewController.swift */,
				C21E61851AD8BEFE000FC413 /* Document.xib */,
				C2C5A13A1ADA012A001DFC56 /* NodeViewController.xib */,
				C21E618D1AD8BEFE000FC413 /* MainMenu.xib */,
				C21E61881AD8BEFE000FC413 /* Document.xcdatamodeld */,
				C21E618B1AD8BEFE000FC413 /* Images.xcassets */,
				C21E617F1AD8BEFE000FC413 /* Supporting Files */,
			);
			path = Creator;
			sourceTree = "<group>";
		};
		C21E617F1AD8BEFE000FC413 /* Supporting Files */ = {
			isa = PBXGroup;
			children = (
				C21E61801AD8BEFE000FC413 /* Info.plist */,
			);
			name = "Supporting Files";
			sourceTree = "<group>";
		};
		C21E61971AD8BEFE000FC413 /* CreatorTests */ = {
			isa = PBXGroup;
			children = (
				C21E619A1AD8BEFE000FC413 /* CreatorTests.swift */,
				C21E61981AD8BEFE000FC413 /* Supporting Files */,
			);
			path = CreatorTests;
			sourceTree = "<group>";
		};
		C21E61981AD8BEFE000FC413 /* Supporting Files */ = {
			isa = PBXGroup;
			children = (
				C21E61991AD8BEFE000FC413 /* Info.plist */,
			);
			name = "Supporting Files";
			sourceTree = "<group>";
		};
		C2BBF7A11AE2C2E600A418B9 /* Nodes */ = {
			isa = PBXGroup;
			children = (
				C2C5A12C1AD9A52A001DFC56 /* ConstantBufferNode.swift */,
				C2C5A1301AD9A52A001DFC56 /* ConstantFloatNode.swift */,
				C2C5A1321AD9A52A001DFC56 /* FragmentShaderNode.swift */,
				C2BBF79F1AE2C2B800A418B9 /* Node.swift */,
				C28E86451ADE1693003CEA94 /* NullNode.swift */,
				C2BBF79D1AE2C29300A418B9 /* VertexShaderNode.swift */,
			);
			name = Nodes;
			sourceTree = "<group>";
		};
		C2BBF7A21AE2C32000A418B9 /* Model */ = {
			isa = PBXGroup;
			children = (
				C2BBF7A11AE2C2E600A418B9 /* Nodes */,
				C21199291AE20791009ED4DE /* Edge.swift */,
				C2C5A12E1AD9A52A001DFC56 /* Frame.swift */,
				C2BBF7A81AE2C72200A418B9 /* OutputPort.swift */,
				C2BBF7A61AE2C72200A418B9 /* InputPort.swift */,
				C2BBF7AA1AE2D14F00A418B9 /* Port.swift */,
			);
			name = Model;
			sourceTree = "<group>";
		};
		C2BBF7A31AE2C34D00A418B9 /* Views */ = {
			isa = PBXGroup;
			children = (
				C21199251AE1EF70009ED4DE /* NodeTitleTextField.swift */,
				C21199211AE1E44D009ED4DE /* NodeInputOutputTextField.swift */,
				C2A20BE91ADCC59200DE369D /* ConnectionsView.swift */,
				C2BBF7AC1AE30FCE00A418B9 /* ResultView.swift */,
			);
			name = Views;
			sourceTree = "<group>";
		};
/* End PBXGroup section */

/* Begin PBXNativeTarget section */
		C21E617B1AD8BEFE000FC413 /* Creator */ = {
			isa = PBXNativeTarget;
			buildConfigurationList = C21E619E1AD8BEFE000FC413 /* Build configuration list for PBXNativeTarget "Creator" */;
			buildPhases = (
				C21E61781AD8BEFE000FC413 /* Sources */,
				C21E61791AD8BEFE000FC413 /* Frameworks */,
				C21E617A1AD8BEFE000FC413 /* Resources */,
			);
			buildRules = (
			);
			dependencies = (
			);
			name = Creator;
			productName = Creator;
			productReference = C21E617C1AD8BEFE000FC413 /* Creator.app */;
			productType = "com.apple.product-type.application";
		};
		C21E61931AD8BEFE000FC413 /* CreatorTests */ = {
			isa = PBXNativeTarget;
			buildConfigurationList = C21E61A11AD8BEFE000FC413 /* Build configuration list for PBXNativeTarget "CreatorTests" */;
			buildPhases = (
				C21E61901AD8BEFE000FC413 /* Sources */,
				C21E61911AD8BEFE000FC413 /* Frameworks */,
				C21E61921AD8BEFE000FC413 /* Resources */,
			);
			buildRules = (
			);
			dependencies = (
				C21E61961AD8BEFE000FC413 /* PBXTargetDependency */,
			);
			name = CreatorTests;
			productName = CreatorTests;
			productReference = C21E61941AD8BEFE000FC413 /* CreatorTests.xctest */;
			productType = "com.apple.product-type.bundle.unit-test";
		};
/* End PBXNativeTarget section */

/* Begin PBXProject section */
		C21E61741AD8BEFE000FC413 /* Project object */ = {
			isa = PBXProject;
			attributes = {
				LastUpgradeCheck = 0630;
				ORGANIZATIONNAME = Litherum;
				TargetAttributes = {
					C21E617B1AD8BEFE000FC413 = {
						CreatedOnToolsVersion = 6.3;
					};
					C21E61931AD8BEFE000FC413 = {
						CreatedOnToolsVersion = 6.3;
						TestTargetID = C21E617B1AD8BEFE000FC413;
					};
				};
			};
			buildConfigurationList = C21E61771AD8BEFE000FC413 /* Build configuration list for PBXProject "Creator" */;
			compatibilityVersion = "Xcode 3.2";
			developmentRegion = English;
			hasScannedForEncodings = 0;
			knownRegions = (
				en,
				Base,
			);
			mainGroup = C21E61731AD8BEFE000FC413;
			productRefGroup = C21E617D1AD8BEFE000FC413 /* Products */;
			projectDirPath = "";
			projectRoot = "";
			targets = (
				C21E617B1AD8BEFE000FC413 /* Creator */,
				C21E61931AD8BEFE000FC413 /* CreatorTests */,
			);
		};
/* End PBXProject section */

/* Begin PBXResourcesBuildPhase section */
		C21E617A1AD8BEFE000FC413 /* Resources */ = {
			isa = PBXResourcesBuildPhase;
			buildActionMask = 2147483647;
			files = (
				C21E61871AD8BEFE000FC413 /* Document.xib in Resources */,
				C21E618C1AD8BEFE000FC413 /* Images.xcassets in Resources */,
				C2C5A13B1ADA012A001DFC56 /* NodeViewController.xib in Resources */,
				C21E618F1AD8BEFE000FC413 /* MainMenu.xib in Resources */,
			);
			runOnlyForDeploymentPostprocessing = 0;
		};
		C21E61921AD8BEFE000FC413 /* Resources */ = {
			isa = PBXResourcesBuildPhase;
			buildActionMask = 2147483647;
			files = (
			);
			runOnlyForDeploymentPostprocessing = 0;
		};
/* End PBXResourcesBuildPhase section */

/* Begin PBXSourcesBuildPhase section */
		C21E61781AD8BEFE000FC413 /* Sources */ = {
			isa = PBXSourcesBuildPhase;
			buildActionMask = 2147483647;
			files = (
				C2C5A1331AD9A52A001DFC56 /* FragmentShaderNode.swift in Sources */,
				C2C5A1351AD9C6FA001DFC56 /* GraphViewController.swift in Sources */,
				C2C5A1311AD9A52A001DFC56 /* ConstantFloatNode.swift in Sources */,
				C2C5A13D1ADA0DCC001DFC56 /* NodeViewController.swift in Sources */,
				C28E86461ADE1693003CEA94 /* NullNode.swift in Sources */,
				C2C5A12D1AD9A52A001DFC56 /* ConstantBufferNode.swift in Sources */,
				C2A20BEA1ADCC59200DE369D /* ConnectionsView.swift in Sources */,
				C21199261AE1EF70009ED4DE /* NodeTitleTextField.swift in Sources */,
				C211992A1AE20791009ED4DE /* Edge.swift in Sources */,
				C21E618A1AD8BEFE000FC413 /* Document.xcdatamodeld in Sources */,
				C2C5A12F1AD9A52A001DFC56 /* Frame.swift in Sources */,
				C2BBF7A01AE2C2B800A418B9 /* Node.swift in Sources */,
				C2BBF79E1AE2C29300A418B9 /* VertexShaderNode.swift in Sources */,
				C21E61841AD8BEFE000FC413 /* Document.swift in Sources */,
				C21E61821AD8BEFE000FC413 /* AppDelegate.swift in Sources */,
				C2BBF7A71AE2C72200A418B9 /* InputPort.swift in Sources */,
				C2BBF7AB1AE2D14F00A418B9 /* Port.swift in Sources */,
				C2BBF7AD1AE30FCE00A418B9 /* ResultView.swift in Sources */,
				C21199221AE1E44D009ED4DE /* NodeInputOutputTextField.swift in Sources */,
				C2BBF7A91AE2C72200A418B9 /* OutputPort.swift in Sources */,
			);
			runOnlyForDeploymentPostprocessing = 0;
		};
		C21E61901AD8BEFE000FC413 /* Sources */ = {
			isa = PBXSourcesBuildPhase;
			buildActionMask = 2147483647;
			files = (
				C21E619B1AD8BEFE000FC413 /* CreatorTests.swift in Sources */,
			);
			runOnlyForDeploymentPostprocessing = 0;
		};
/* End PBXSourcesBuildPhase section */

/* Begin PBXTargetDependency section */
		C21E61961AD8BEFE000FC413 /* PBXTargetDependency */ = {
			isa = PBXTargetDependency;
			target = C21E617B1AD8BEFE000FC413 /* Creator */;
			targetProxy = C21E61951AD8BEFE000FC413 /* PBXContainerItemProxy */;
		};
/* End PBXTargetDependency section */

/* Begin PBXVariantGroup section */
		C21E61851AD8BEFE000FC413 /* Document.xib */ = {
			isa = PBXVariantGroup;
			children = (
				C21E61861AD8BEFE000FC413 /* Base */,
			);
			name = Document.xib;
			sourceTree = "<group>";
		};
		C21E618D1AD8BEFE000FC413 /* MainMenu.xib */ = {
			isa = PBXVariantGroup;
			children = (
				C21E618E1AD8BEFE000FC413 /* Base */,
			);
			name = MainMenu.xib;
			sourceTree = "<group>";
		};
/* End PBXVariantGroup section */

/* Begin XCBuildConfiguration section */
		C21E619C1AD8BEFE000FC413 /* Debug */ = {
			isa = XCBuildConfiguration;
			buildSettings = {
				ALWAYS_SEARCH_USER_PATHS = NO;
				CLANG_CXX_LANGUAGE_STANDARD = "gnu++0x";
				CLANG_CXX_LIBRARY = "libc++";
				CLANG_ENABLE_MODULES = YES;
				CLANG_ENABLE_OBJC_ARC = YES;
				CLANG_WARN_BOOL_CONVERSION = YES;
				CLANG_WARN_CONSTANT_CONVERSION = YES;
				CLANG_WARN_DIRECT_OBJC_ISA_USAGE = YES_ERROR;
				CLANG_WARN_EMPTY_BODY = YES;
				CLANG_WARN_ENUM_CONVERSION = YES;
				CLANG_WARN_INT_CONVERSION = YES;
				CLANG_WARN_OBJC_ROOT_CLASS = YES_ERROR;
				CLANG_WARN_UNREACHABLE_CODE = YES;
				CLANG_WARN__DUPLICATE_METHOD_MATCH = YES;
				CODE_SIGN_IDENTITY = "-";
				COPY_PHASE_STRIP = NO;
				DEBUG_INFORMATION_FORMAT = dwarf;
				ENABLE_STRICT_OBJC_MSGSEND = YES;
				GCC_C_LANGUAGE_STANDARD = gnu99;
				GCC_DYNAMIC_NO_PIC = NO;
				GCC_NO_COMMON_BLOCKS = YES;
				GCC_OPTIMIZATION_LEVEL = 0;
				GCC_PREPROCESSOR_DEFINITIONS = (
					"DEBUG=1",
					"$(inherited)",
				);
				GCC_SYMBOLS_PRIVATE_EXTERN = NO;
				GCC_WARN_64_TO_32_BIT_CONVERSION = YES;
				GCC_WARN_ABOUT_RETURN_TYPE = YES_ERROR;
				GCC_WARN_UNDECLARED_SELECTOR = YES;
				GCC_WARN_UNINITIALIZED_AUTOS = YES_AGGRESSIVE;
				GCC_WARN_UNUSED_FUNCTION = YES;
				GCC_WARN_UNUSED_VARIABLE = YES;
				MACOSX_DEPLOYMENT_TARGET = 10.10;
				MTL_ENABLE_DEBUG_INFO = YES;
				ONLY_ACTIVE_ARCH = YES;
				SDKROOT = macosx;
				SWIFT_OPTIMIZATION_LEVEL = "-Onone";
			};
			name = Debug;
		};
		C21E619D1AD8BEFE000FC413 /* Release */ = {
			isa = XCBuildConfiguration;
			buildSettings = {
				ALWAYS_SEARCH_USER_PATHS = NO;
				CLANG_CXX_LANGUAGE_STANDARD = "gnu++0x";
				CLANG_CXX_LIBRARY = "libc++";
				CLANG_ENABLE_MODULES = YES;
				CLANG_ENABLE_OBJC_ARC = YES;
				CLANG_WARN_BOOL_CONVERSION = YES;
				CLANG_WARN_CONSTANT_CONVERSION = YES;
				CLANG_WARN_DIRECT_OBJC_ISA_USAGE = YES_ERROR;
				CLANG_WARN_EMPTY_BODY = YES;
				CLANG_WARN_ENUM_CONVERSION = YES;
				CLANG_WARN_INT_CONVERSION = YES;
				CLANG_WARN_OBJC_ROOT_CLASS = YES_ERROR;
				CLANG_WARN_UNREACHABLE_CODE = YES;
				CLANG_WARN__DUPLICATE_METHOD_MATCH = YES;
				CODE_SIGN_IDENTITY = "-";
				COPY_PHASE_STRIP = NO;
				DEBUG_INFORMATION_FORMAT = "dwarf-with-dsym";
				ENABLE_NS_ASSERTIONS = NO;
				ENABLE_STRICT_OBJC_MSGSEND = YES;
				GCC_C_LANGUAGE_STANDARD = gnu99;
				GCC_NO_COMMON_BLOCKS = YES;
				GCC_WARN_64_TO_32_BIT_CONVERSION = YES;
				GCC_WARN_ABOUT_RETURN_TYPE = YES_ERROR;
				GCC_WARN_UNDECLARED_SELECTOR = YES;
				GCC_WARN_UNINITIALIZED_AUTOS = YES_AGGRESSIVE;
				GCC_WARN_UNUSED_FUNCTION = YES;
				GCC_WARN_UNUSED_VARIABLE = YES;
				MACOSX_DEPLOYMENT_TARGET = 10.10;
				MTL_ENABLE_DEBUG_INFO = NO;
				SDKROOT = macosx;
			};
			name = Release;
		};
		C21E619F1AD8BEFE000FC413 /* Debug */ = {
			isa = XCBuildConfiguration;
			buildSettings = {
				ASSETCATALOG_COMPILER_APPICON_NAME = AppIcon;
				COMBINE_HIDPI_IMAGES = YES;
				INFOPLIST_FILE = Creator/Info.plist;
				LD_RUNPATH_SEARCH_PATHS = "$(inherited) @executable_path/../Frameworks";
				PRODUCT_NAME = "$(TARGET_NAME)";
			};
			name = Debug;
		};
		C21E61A01AD8BEFE000FC413 /* Release */ = {
			isa = XCBuildConfiguration;
			buildSettings = {
				ASSETCATALOG_COMPILER_APPICON_NAME = AppIcon;
				COMBINE_HIDPI_IMAGES = YES;
				INFOPLIST_FILE = Creator/Info.plist;
				LD_RUNPATH_SEARCH_PATHS = "$(inherited) @executable_path/../Frameworks";
				PRODUCT_NAME = "$(TARGET_NAME)";
			};
			name = Release;
		};
		C21E61A21AD8BEFE000FC413 /* Debug */ = {
			isa = XCBuildConfiguration;
			buildSettings = {
				BUNDLE_LOADER = "$(TEST_HOST)";
				COMBINE_HIDPI_IMAGES = YES;
				FRAMEWORK_SEARCH_PATHS = (
					"$(DEVELOPER_FRAMEWORKS_DIR)",
					"$(inherited)",
				);
				GCC_PREPROCESSOR_DEFINITIONS = (
					"DEBUG=1",
					"$(inherited)",
				);
				INFOPLIST_FILE = CreatorTests/Info.plist;
				LD_RUNPATH_SEARCH_PATHS = "$(inherited) @executable_path/../Frameworks @loader_path/../Frameworks";
				PRODUCT_NAME = "$(TARGET_NAME)";
				TEST_HOST = "$(BUILT_PRODUCTS_DIR)/Creator.app/Contents/MacOS/Creator";
			};
			name = Debug;
		};
		C21E61A31AD8BEFE000FC413 /* Release */ = {
			isa = XCBuildConfiguration;
			buildSettings = {
				BUNDLE_LOADER = "$(TEST_HOST)";
				COMBINE_HIDPI_IMAGES = YES;
				FRAMEWORK_SEARCH_PATHS = (
					"$(DEVELOPER_FRAMEWORKS_DIR)",
					"$(inherited)",
				);
				INFOPLIST_FILE = CreatorTests/Info.plist;
				LD_RUNPATH_SEARCH_PATHS = "$(inherited) @executable_path/../Frameworks @loader_path/../Frameworks";
				PRODUCT_NAME = "$(TARGET_NAME)";
				TEST_HOST = "$(BUILT_PRODUCTS_DIR)/Creator.app/Contents/MacOS/Creator";
			};
			name = Release;
		};
/* End XCBuildConfiguration section */

/* Begin XCConfigurationList section */
		C21E61771AD8BEFE000FC413 /* Build configuration list for PBXProject "Creator" */ = {
			isa = XCConfigurationList;
			buildConfigurations = (
				C21E619C1AD8BEFE000FC413 /* Debug */,
				C21E619D1AD8BEFE000FC413 /* Release */,
			);
			defaultConfigurationIsVisible = 0;
			defaultConfigurationName = Release;
		};
		C21E619E1AD8BEFE000FC413 /* Build configuration list for PBXNativeTarget "Creator" */ = {
			isa = XCConfigurationList;
			buildConfigurations = (
				C21E619F1AD8BEFE000FC413 /* Debug */,
				C21E61A01AD8BEFE000FC413 /* Release */,
			);
			defaultConfigurationIsVisible = 0;
			defaultConfigurationName = Release;
		};
		C21E61A11AD8BEFE000FC413 /* Build configuration list for PBXNativeTarget "CreatorTests" */ = {
			isa = XCConfigurationList;
			buildConfigurations = (
				C21E61A21AD8BEFE000FC413 /* Debug */,
				C21E61A31AD8BEFE000FC413 /* Release */,
			);
			defaultConfigurationIsVisible = 0;
			defaultConfigurationName = Release;
		};
/* End XCConfigurationList section */

/* Begin XCVersionGroup section */
		C21E61881AD8BEFE000FC413 /* Document.xcdatamodeld */ = {
			isa = XCVersionGroup;
			children = (
				C21E61891AD8BEFE000FC413 /* Document.xcdatamodel */,
			);
			currentVersion = C21E61891AD8BEFE000FC413 /* Document.xcdatamodel */;
			path = Document.xcdatamodeld;
			sourceTree = "<group>";
			versionGroupType = wrapper.xcdatamodel;
		};
/* End XCVersionGroup section */
	};
	rootObject = C21E61741AD8BEFE000FC413 /* Project object */;
}
